
Microsoft Visual Studio Solution File, Format Version 12.00
# Visual Studio Version 16
VisualStudioVersion = 16.0.30517.126
MinimumVisualStudioVersion = 10.0.40219.1
Project("{FAE04EC0-301F-11D3-BF4B-00C04F79EFBC}") = "WebApplication", "WebApplication\WebApplication.csproj", "{914CDB52-939D-4711-A81A-80D3E9B6C385}"
EndProject
Global
	GlobalSection(SolutionConfigurationPlatforms) = preSolution
		Debug|Any CPU = Debug|Any CPU
		Release|Any CPU = Release|Any CPU
	EndGlobalSection
	GlobalSection(ProjectConfigurationPlatforms) = postSolution
		{914CDB52-939D-4711-A81A-80D3E9B6C385}.Debug|Any CPU.ActiveCfg = Debug|Any CPU
		{914CDB52-939D-4711-A81A-80D3E9B6C385}.Debug|Any CPU.Build.0 = Debug|Any CPU
		{914CDB52-939D-4711-A81A-80D3E9B6C385}.Release|Any CPU.ActiveCfg = Release|Any CPU
		{914CDB52-939D-4711-A81A-80D3E9B6C385}.Release|Any CPU.Build.0 = Release|Any CPU
	EndGlobalSection
	GlobalSection(SolutionProperties) = preSolution
		HideSolutionNode = FALSE
	EndGlobalSection
	GlobalSection(ExtensibilityGlobals) = postSolution
		SolutionGuid = {F63244A9-874B-4658-8AF9-1126529F8318}
	EndGlobalSection
EndGlobal
